
Microsoft Visual Studio Solution File, Format Version 12.00
# Visual Studio 14
VisualStudioVersion = 14.0.23107.0
MinimumVisualStudioVersion = 10.0.40219.1
Project("{FAE04EC0-301F-11D3-BF4B-00C04F79EFBC}") = "FileHandler", "FileHandler\FileHandler.csproj", "{B9888255-E217-48AD-A07C-B572E83D1078}"
EndProject
Global
	GlobalSection(SolutionConfigurationPlatforms) = preSolution
		Debug|Any CPU = Debug|Any CPU
		Release|Any CPU = Release|Any CPU
	EndGlobalSection
	GlobalSection(ProjectConfigurationPlatforms) = postSolution
		{B9888255-E217-48AD-A07C-B572E83D1078}.Debug|Any CPU.ActiveCfg = Debug|Any CPU
		{B9888255-E217-48AD-A07C-B572E83D1078}.Debug|Any CPU.Build.0 = Debug|Any CPU
		{B9888255-E217-48AD-A07C-B572E83D1078}.Release|Any CPU.ActiveCfg = Release|Any CPU
		{B9888255-E217-48AD-A07C-B572E83D1078}.Release|Any CPU.Build.0 = Release|Any CPU
	EndGlobalSection
	GlobalSection(SolutionProperties) = preSolution
		HideSolutionNode = FALSE
	EndGlobalSection
EndGlobal
